dependencies:
- name: mariadb
  repository: https://charts.bitnami.com/bitnami
  version: 20.2.2
- name: redis
  repository: https://charts.bitnami.com/bitnami
  version: 20.7.0
digest: sha256:b10ee4646a9ee51954d3c2d0417eab0b1ca1bb3c3f30862cfea5c16f64939653
generated: "2025-02-05T12:51:49.471134+01:00"
